<?xml version="1.0" encoding="utf-8"?>
<Project ToolsVersion="4.0" xmlns="http://schemas.microsoft.com/developer/msbuild/2003">
  <ItemGroup>
    <Filter Include="src">
      <UniqueIdentifier>{4FC737F1-C7A5-4376-A066-2A32D752A2FF}</UniqueIdentifier>
      <Extensions>cpp;c;cc;cxx;c++;cppm;ixx;def;odl;idl;hpj;bat;asm;asmx</Extensions>
    </Filter>
    <Filter Include="src\imgui">
      <UniqueIdentifier>{23799353-0894-417b-923e-afb8f1e4caf9}</UniqueIdentifier>
    </Filter>
    <Filter Include="src\opengl">
      <UniqueIdentifier>{a72c5253-a4d5-41df-a9a3-632c52542a10}</UniqueIdentifier>
    </Filter>
    <Filter Include="shaders">
      <UniqueIdentifier>{67DA6AB6-F800-4c08-8B7A-83BB121AAD01}</UniqueIdentifier>
      <Extensions>rc;ico;cur;bmp;dlg;rc2;rct;bin;rgs;gif;jpg;jpeg;jpe;resx;tiff;tif;png;wav;mfcribbon-ms</Extensions>
    </Filter>
  </ItemGroup>
  <ItemGroup>
    <ClCompile Include="..\glad\glad.c">
      <Filter>src</Filter>
    </ClCompile>
    <ClCompile Include="src\main.cpp">
      <Filter>src</Filter>
    </ClCompile>
    <ClCompile Include="src\thirdParty\imgui-docking\imgui.cpp">
      <Filter>src\imgui</Filter>
    </ClCompile>
    <ClCompile Include="src\thirdParty\imgui-docking\imgui_demo.cpp">
      <Filter>src\imgui</Filter>
    </ClCompile>
    <ClCompile Include="src\thirdParty\imgui-docking\imgui_draw.cpp">
      <Filter>src\imgui</Filter>
    </ClCompile>
    <ClCompile Include="src\thirdParty\imgui-docking\imgui_impl_glfw.cpp">
      <Filter>src\imgui</Filter>
    </ClCompile>
    <ClCompile Include="src\thirdParty\imgui-docking\imgui_impl_opengl3.cpp">
      <Filter>src\imgui</Filter>
    </ClCompile>
    <ClCompile Include="src\thirdParty\imgui-docking\imgui_tables.cpp">
      <Filter>src\imgui</Filter>
    </ClCompile>
    <ClCompile Include="src\thirdParty\imgui-docking\imgui_widgets.cpp">
      <Filter>src\imgui</Filter>
    </ClCompile>
    <ClCompile Include="src\Render.cpp">
      <Filter>src\opengl</Filter>
    </ClCompile>
    <ClCompile Include="src\Texture.cpp">
      <Filter>src</Filter>
    </ClCompile>
    <ClCompile Include="src\thirdParty\HDR\HDRLoader.cpp">
      <Filter>src</Filter>
    </ClCompile>
    <ClCompile Include="src\Log.cpp">
      <Filter>src</Filter>
    </ClCompile>
  </ItemGroup>
  <ItemGroup>
    <ClInclude Include="src\Render.h">
      <Filter>src\opengl</Filter>
    </ClInclude>
    <ClInclude Include="src\Camera.h">
      <Filter>src\opengl</Filter>
    </ClInclude>
    <ClInclude Include="src\Shader.h">
      <Filter>src\opengl</Filter>
    </ClInclude>
    <ClInclude Include="src\Mesh.h" />
    <ClInclude Include="src\Model.h" />
    <ClInclude Include="src\Scene.h" />
    <ClInclude Include="src\Texture.h" />
    <ClInclude Include="src\Light.h" />
    <ClInclude Include="src\thirdParty\HDR\HDRLoader.h" />
    <ClInclude Include="src\Log.h" />
  </ItemGroup>
  <ItemGroup>
    <None Include="src\shaders\pbr.fs">
      <Filter>shaders</Filter>
    </None>
    <None Include="src\shaders\pbr.vs">
      <Filter>shaders</Filter>
    </None>
  </ItemGroup>
</Project>